
Microsoft Visual Studio Solution File, Format Version 12.00
# Visual Studio Version 17
VisualStudioVersion = 17.13.35919.96 d17.13
MinimumVisualStudioVersion = 10.0.40219.1
Project("{FAE04EC0-301F-11D3-BF4B-00C04F79EFBC}") = "EdwinSaaEvaluacionP3", "EdwinSaaEvaluacionP3\EdwinSaaEvaluacionP3.csproj", "{39B8109F-C99C-4D8B-A131-F4BF88D347A1}"
EndProject
Global
	GlobalSection(SolutionConfigurationPlatforms) = preSolution
		Debug|Any CPU = Debug|Any CPU
		Release|Any CPU = Release|Any CPU
	EndGlobalSection
	GlobalSection(ProjectConfigurationPlatforms) = postSolution
		{39B8109F-C99C-4D8B-A131-F4BF88D347A1}.Debug|Any CPU.ActiveCfg = Debug|Any CPU
		{39B8109F-C99C-4D8B-A131-F4BF88D347A1}.Debug|Any CPU.Build.0 = Debug|Any CPU
		{39B8109F-C99C-4D8B-A131-F4BF88D347A1}.Release|Any CPU.ActiveCfg = Release|Any CPU
		{39B8109F-C99C-4D8B-A131-F4BF88D347A1}.Release|Any CPU.Build.0 = Release|Any CPU
	EndGlobalSection
	GlobalSection(SolutionProperties) = preSolution
		HideSolutionNode = FALSE
	EndGlobalSection
	GlobalSection(ExtensibilityGlobals) = postSolution
		SolutionGuid = {D4EA5A96-7415-4EFD-95E2-C9123D438310}
	EndGlobalSection
EndGlobal
